// !$*UTF8*$!
{
	archiveVersion = 1;
	classes = {
	};
	objectVersion = 46;
	objects = {

/* Begin PBXBuildFile section */
		253AAD1A1E96F91700EC9468 /* AppDelegate.swift in Sources */ = {isa = PBXBuildFile; fileRef = 253AAD191E96F91700EC9468 /* AppDelegate.swift */; };
		253AAD1F1E96F91800EC9468 /* Main.storyboard in Resources */ = {isa = PBXBuildFile; fileRef = 253AAD1D1E96F91800EC9468 /* Main.storyboard */; };
		253AAD211E96F91800EC9468 /* Assets.xcassets in Resources */ = {isa = PBXBuildFile; fileRef = 253AAD201E96F91800EC9468 /* Assets.xcassets */; };
		253AAD241E96F91800EC9468 /* LaunchScreen.storyboard in Resources */ = {isa = PBXBuildFile; fileRef = 253AAD221E96F91800EC9468 /* LaunchScreen.storyboard */; };
		253AAD2F1E96F91800EC9468 /* TinderTests.swift in Sources */ = {isa = PBXBuildFile; fileRef = 253AAD2E1E96F91800EC9468 /* TinderTests.swift */; };
		253AAD3A1E96F91800EC9468 /* TinderUITests.swift in Sources */ = {isa = PBXBuildFile; fileRef = 253AAD391E96F91800EC9468 /* TinderUITests.swift */; };
		253AAD481E96F9B400EC9468 /* CardsViewController.swift in Sources */ = {isa = PBXBuildFile; fileRef = 253AAD471E96F9B400EC9468 /* CardsViewController.swift */; };
		253AAD4A1E970AF700EC9468 /* ProfileViewController.swift in Sources */ = {isa = PBXBuildFile; fileRef = 253AAD491E970AF700EC9468 /* ProfileViewController.swift */; };
/* End PBXBuildFile section */

/* Begin PBXContainerItemProxy section */
		253AAD2B1E96F91800EC9468 /* PBXContainerItemProxy */ = {
			isa = PBXContainerItemProxy;
			containerPortal = 253AAD0E1E96F91700EC9468 /* Project object */;
			proxyType = 1;
			remoteGlobalIDString = 253AAD151E96F91700EC9468;
			remoteInfo = Tinder;
		};
		253AAD361E96F91800EC9468 /* PBXContainerItemProxy */ = {
			isa = PBXContainerItemProxy;
			containerPortal = 253AAD0E1E96F91700EC9468 /* Project object */;
			proxyType = 1;
			remoteGlobalIDString = 253AAD151E96F91700EC9468;
			remoteInfo = Tinder;
		};
/* End PBXContainerItemProxy section */

/* Begin PBXFileReference section */
		253AAD161E96F91700EC9468 /* Tinder.app */ = {isa = PBXFileReference; explicitFileType = wrapper.application; includeInIndex = 0; path = Tinder.app; sourceTree = BUILT_PRODUCTS_DIR; };
		253AAD191E96F91700EC9468 /* AppDelegate.swift */ = {isa = PBXFileReference; lastKnownFileType = sourcecode.swift; path = AppDelegate.swift; sourceTree = "<group>"; };
		253AAD1E1E96F91800EC9468 /* Base */ = {isa = PBXFileReference; lastKnownFileType = file.storyboard; name = Base; path = Base.lproj/Main.storyboard; sourceTree = "<group>"; };
		253AAD201E96F91800EC9468 /* Assets.xcassets */ = {isa = PBXFileReference; lastKnownFileType = folder.assetcatalog; path = Assets.xcassets; sourceTree = "<group>"; };
		253AAD231E96F91800EC9468 /* Base */ = {isa = PBXFileReference; lastKnownFileType = file.storyboard; name = Base; path = Base.lproj/LaunchScreen.storyboard; sourceTree = "<group>"; };
		253AAD251E96F91800EC9468 /* Info.plist */ = {isa = PBXFileReference; lastKnownFileType = text.plist.xml; path = Info.plist; sourceTree = "<group>"; };
		253AAD2A1E96F91800EC9468 /* TinderTests.xctest */ = {isa = PBXFileReference; explicitFileType = wrapper.cfbundle; includeInIndex = 0; path = TinderTests.xctest; sourceTree = BUILT_PRODUCTS_DIR; };
		253AAD2E1E96F91800EC9468 /* TinderTests.swift */ = {isa = PBXFileReference; lastKnownFileType = sourcecode.swift; path = TinderTests.swift; sourceTree = "<group>"; };
		253AAD301E96F91800EC9468 /* Info.plist */ = {isa = PBXFileReference; lastKnownFileType = text.plist.xml; path = Info.plist; sourceTree = "<group>"; };
		253AAD351E96F91800EC9468 /* TinderUITests.xctest */ = {isa = PBXFileReference; explicitFileType = wrapper.cfbundle; includeInIndex = 0; path = TinderUITests.xctest; sourceTree = BUILT_PRODUCTS_DIR; };
		253AAD391E96F91800EC9468 /* TinderUITests.swift */ = {isa = PBXFileReference; lastKnownFileType = sourcecode.swift; path = TinderUITests.swift; sourceTree = "<group>"; };
		253AAD3B1E96F91800EC9468 /* Info.plist */ = {isa = PBXFileReference; lastKnownFileType = text.plist.xml; path = Info.plist; sourceTree = "<group>"; };
		253AAD471E96F9B400EC9468 /* CardsViewController.swift */ = {isa = PBXFileReference; fileEncoding = 4; lastKnownFileType = sourcecode.swift; path = CardsViewController.swift; sourceTree = "<group>"; };
		253AAD491E970AF700EC9468 /* ProfileViewController.swift */ = {isa = PBXFileReference; fileEncoding = 4; lastKnownFileType = sourcecode.swift; path = ProfileViewController.swift; sourceTree = "<group>"; };
/* End PBXFileReference section */

/* Begin PBXFrameworksBuildPhase section */
		253AAD131E96F91700EC9468 /* Frameworks */ = {
			isa = PBXFrameworksBuildPhase;
			buildActionMask = 2147483647;
			files = (
			);
			runOnlyForDeploymentPostprocessing = 0;
		};
		253AAD271E96F91800EC9468 /* Frameworks */ = {
			isa = PBXFrameworksBuildPhase;
			buildActionMask = 2147483647;
			files = (
			);
			runOnlyForDeploymentPostprocessing = 0;
		};
		253AAD321E96F91800EC9468 /* Frameworks */ = {
			isa = PBXFrameworksBuildPhase;
			buildActionMask = 2147483647;
			files = (
			);
			runOnlyForDeploymentPostprocessing = 0;
		};
/* End PBXFrameworksBuildPhase section */

/* Begin PBXGroup section */
		253AAD0D1E96F91700EC9468 = {
			isa = PBXGroup;
			children = (
				253AAD181E96F91700EC9468 /* Tinder */,
				253AAD2D1E96F91800EC9468 /* TinderTests */,
				253AAD381E96F91800EC9468 /* TinderUITests */,
				253AAD171E96F91700EC9468 /* Products */,
			);
			sourceTree = "<group>";
		};
		253AAD171E96F91700EC9468 /* Products */ = {
			isa = PBXGroup;
			children = (
				253AAD161E96F91700EC9468 /* Tinder.app */,
				253AAD2A1E96F91800EC9468 /* TinderTests.xctest */,
				253AAD351E96F91800EC9468 /* TinderUITests.xctest */,
			);
			name = Products;
			sourceTree = "<group>";
		};
		253AAD181E96F91700EC9468 /* Tinder */ = {
			isa = PBXGroup;
			children = (
				253AAD191E96F91700EC9468 /* AppDelegate.swift */,
				253AAD1D1E96F91800EC9468 /* Main.storyboard */,
				253AAD201E96F91800EC9468 /* Assets.xcassets */,
				253AAD221E96F91800EC9468 /* LaunchScreen.storyboard */,
				253AAD251E96F91800EC9468 /* Info.plist */,
				253AAD471E96F9B400EC9468 /* CardsViewController.swift */,
				253AAD491E970AF700EC9468 /* ProfileViewController.swift */,
			);
			path = Tinder;
			sourceTree = "<group>";
		};
		253AAD2D1E96F91800EC9468 /* TinderTests */ = {
			isa = PBXGroup;
			children = (
				253AAD2E1E96F91800EC9468 /* TinderTests.swift */,
				253AAD301E96F91800EC9468 /* Info.plist */,
			);
			path = TinderTests;
			sourceTree = "<group>";
		};
		253AAD381E96F91800EC9468 /* TinderUITests */ = {
			isa = PBXGroup;
			children = (
				253AAD391E96F91800EC9468 /* TinderUITests.swift */,
				253AAD3B1E96F91800EC9468 /* Info.plist */,
			);
			path = TinderUITests;
			sourceTree = "<group>";
		};
/* End PBXGroup section */

/* Begin PBXNativeTarget section */
		253AAD151E96F91700EC9468 /* Tinder */ = {
			isa = PBXNativeTarget;
			buildConfigurationList = 253AAD3E1E96F91800EC9468 /* Build configuration list for PBXNativeTarget "Tinder" */;
			buildPhases = (
				253AAD121E96F91700EC9468 /* Sources */,
				253AAD131E96F91700EC9468 /* Frameworks */,
				253AAD141E96F91700EC9468 /* Resources */,
			);
			buildRules = (
			);
			dependencies = (
			);
			name = Tinder;
			productName = Tinder;
			productReference = 253AAD161E96F91700EC9468 /* Tinder.app */;
			productType = "com.apple.product-type.application";
		};
		253AAD291E96F91800EC9468 /* TinderTests */ = {
			isa = PBXNativeTarget;
			buildConfigurationList = 253AAD411E96F91800EC9468 /* Build configuration list for PBXNativeTarget "TinderTests" */;
			buildPhases = (
				253AAD261E96F91800EC9468 /* Sources */,
				253AAD271E96F91800EC9468 /* Frameworks */,
				253AAD281E96F91800EC9468 /* Resources */,
			);
			buildRules = (
			);
			dependencies = (
				253AAD2C1E96F91800EC9468 /* PBXTargetDependency */,
			);
			name = TinderTests;
			productName = TinderTests;
			productReference = 253AAD2A1E96F91800EC9468 /* TinderTests.xctest */;
			productType = "com.apple.product-type.bundle.unit-test";
		};
		253AAD341E96F91800EC9468 /* TinderUITests */ = {
			isa = PBXNativeTarget;
			buildConfigurationList = 253AAD441E96F91800EC9468 /* Build configuration list for PBXNativeTarget "TinderUITests" */;
			buildPhases = (
				253AAD311E96F91800EC9468 /* Sources */,
				253AAD321E96F91800EC9468 /* Frameworks */,
				253AAD331E96F91800EC9468 /* Resources */,
			);
			buildRules = (
			);
			dependencies = (
				253AAD371E96F91800EC9468 /* PBXTargetDependency */,
			);
			name = TinderUITests;
			productName = TinderUITests;
			productReference = 253AAD351E96F91800EC9468 /* TinderUITests.xctest */;
			productType = "com.apple.product-type.bundle.ui-testing";
		};
/* End PBXNativeTarget section */

/* Begin PBXProject section */
		253AAD0E1E96F91700EC9468 /* Project object */ = {
			isa = PBXProject;
			attributes = {
				LastSwiftUpdateCheck = 0830;
				LastUpgradeCheck = 0830;
				ORGANIZATIONNAME = "Shayin Feng";
				TargetAttributes = {
					253AAD151E96F91700EC9468 = {
						CreatedOnToolsVersion = 8.3;
						DevelopmentTeam = N33N8736G4;
						ProvisioningStyle = Automatic;
					};
					253AAD291E96F91800EC9468 = {
						CreatedOnToolsVersion = 8.3;
						DevelopmentTeam = N33N8736G4;
						ProvisioningStyle = Automatic;
						TestTargetID = 253AAD151E96F91700EC9468;
					};
					253AAD341E96F91800EC9468 = {
						CreatedOnToolsVersion = 8.3;
						DevelopmentTeam = N33N8736G4;
						ProvisioningStyle = Automatic;
						TestTargetID = 253AAD151E96F91700EC9468;
					};
				};
			};
			buildConfigurationList = 253AAD111E96F91700EC9468 /* Build configuration list for PBXProject "Tinder" */;
			compatibilityVersion = "Xcode 3.2";
			developmentRegion = English;
			hasScannedForEncodings = 0;
			knownRegions = (
				en,
				Base,
			);
			mainGroup = 253AAD0D1E96F91700EC9468;
			productRefGroup = 253AAD171E96F91700EC9468 /* Products */;
			projectDirPath = "";
			projectRoot = "";
			targets = (
				253AAD151E96F91700EC9468 /* Tinder */,
				253AAD291E96F91800EC9468 /* TinderTests */,
				253AAD341E96F91800EC9468 /* TinderUITests */,
			);
		};
/* End PBXProject section */

/* Begin PBXResourcesBuildPhase section */
		253AAD141E96F91700EC9468 /* Resources */ = {
			isa = PBXResourcesBuildPhase;
			buildActionMask = 2147483647;
			files = (
				253AAD241E96F91800EC9468 /* LaunchScreen.storyboard in Resources */,
				253AAD211E96F91800EC9468 /* Assets.xcassets in Resources */,
				253AAD1F1E96F91800EC9468 /* Main.storyboard in Resources */,
			);
			runOnlyForDeploymentPostprocessing = 0;
		};
		253AAD281E96F91800EC9468 /* Resources */ = {
			isa = PBXResourcesBuildPhase;
			buildActionMask = 2147483647;
			files = (
			);
			runOnlyForDeploymentPostprocessing = 0;
		};
		253AAD331E96F91800EC9468 /* Resources */ = {
			isa = PBXResourcesBuildPhase;
			buildActionMask = 2147483647;
			files = (
			);
			runOnlyForDeploymentPostprocessing = 0;
		};
/* End PBXResourcesBuildPhase section */

/* Begin PBXSourcesBuildPhase section */
		253AAD121E96F91700EC9468 /* Sources */ = {
			isa = PBXSourcesBuildPhase;
			buildActionMask = 2147483647;
			files = (
				253AAD4A1E970AF700EC9468 /* ProfileViewController.swift in Sources */,
				253AAD481E96F9B400EC9468 /* CardsViewController.swift in Sources */,
				253AAD1A1E96F91700EC9468 /* AppDelegate.swift in Sources */,
			);
			runOnlyForDeploymentPostprocessing = 0;
		};
		253AAD261E96F91800EC9468 /* Sources */ = {
			isa = PBXSourcesBuildPhase;
			buildActionMask = 2147483647;
			files = (
				253AAD2F1E96F91800EC9468 /* TinderTests.swift in Sources */,
			);
			runOnlyForDeploymentPostprocessing = 0;
		};
		253AAD311E96F91800EC9468 /* Sources */ = {
			isa = PBXSourcesBuildPhase;
			buildActionMask = 2147483647;
			files = (
				253AAD3A1E96F91800EC9468 /* TinderUITests.swift in Sources */,
			);
			runOnlyForDeploymentPostprocessing = 0;
		};
/* End PBXSourcesBuildPhase section */

/* Begin PBXTargetDependency section */
		253AAD2C1E96F91800EC9468 /* PBXTargetDependency */ = {
			isa = PBXTargetDependency;
			target = 253AAD151E96F91700EC9468 /* Tinder */;
			targetProxy = 253AAD2B1E96F91800EC9468 /* PBXContainerItemProxy */;
		};
		253AAD371E96F91800EC9468 /* PBXTargetDependency */ = {
			isa = PBXTargetDependency;
			target = 253AAD151E96F91700EC9468 /* Tinder */;
			targetProxy = 253AAD361E96F91800EC9468 /* PBXContainerItemProxy */;
		};
/* End PBXTargetDependency section */

/* Begin PBXVariantGroup section */
		253AAD1D1E96F91800EC9468 /* Main.storyboard */ = {
			isa = PBXVariantGroup;
			children = (
				253AAD1E1E96F91800EC9468 /* Base */,
			);
			name = Main.storyboard;
			sourceTree = "<group>";
		};
		253AAD221E96F91800EC9468 /* LaunchScreen.storyboard */ = {
			isa = PBXVariantGroup;
			children = (
				253AAD231E96F91800EC9468 /* Base */,
			);
			name = LaunchScreen.storyboard;
			sourceTree = "<group>";
		};
/* End PBXVariantGroup section */

/* Begin XCBuildConfiguration section */
		253AAD3C1E96F91800EC9468 /* Debug */ = {
			isa = XCBuildConfiguration;
			buildSettings = {
				ALWAYS_SEARCH_USER_PATHS = NO;
				CLANG_ANALYZER_NONNULL = YES;
				CLANG_ANALYZER_NUMBER_OBJECT_CONVERSION = YES_AGGRESSIVE;
				CLANG_CXX_LANGUAGE_STANDARD = "gnu++0x";
				CLANG_CXX_LIBRARY = "libc++";
				CLANG_ENABLE_MODULES = YES;
				CLANG_ENABLE_OBJC_ARC = YES;
				CLANG_WARN_BOOL_CONVERSION = YES;
				CLANG_WARN_CONSTANT_CONVERSION = YES;
				CLANG_WARN_DIRECT_OBJC_ISA_USAGE = YES_ERROR;
				CLANG_WARN_DOCUMENTATION_COMMENTS = YES;
				CLANG_WARN_EMPTY_BODY = YES;
				CLANG_WARN_ENUM_CONVERSION = YES;
				CLANG_WARN_INFINITE_RECURSION = YES;
				CLANG_WARN_INT_CONVERSION = YES;
				CLANG_WARN_OBJC_ROOT_CLASS = YES_ERROR;
				CLANG_WARN_SUSPICIOUS_MOVE = YES;
				CLANG_WARN_UNREACHABLE_CODE = YES;
				CLANG_WARN__DUPLICATE_METHOD_MATCH = YES;
				"CODE_SIGN_IDENTITY[sdk=iphoneos*]" = "iPhone Developer";
				COPY_PHASE_STRIP = NO;
				DEBUG_INFORMATION_FORMAT = dwarf;
				ENABLE_STRICT_OBJC_MSGSEND = YES;
				ENABLE_TESTABILITY = YES;
				GCC_C_LANGUAGE_STANDARD = gnu99;
				GCC_DYNAMIC_NO_PIC = NO;
				GCC_NO_COMMON_BLOCKS = YES;
				GCC_OPTIMIZATION_LEVEL = 0;
				GCC_PREPROCESSOR_DEFINITIONS = (
					"DEBUG=1",
					"$(inherited)",
				);
				GCC_WARN_64_TO_32_BIT_CONVERSION = YES;
				GCC_WARN_ABOUT_RETURN_TYPE = YES_ERROR;
				GCC_WARN_UNDECLARED_SELECTOR = YES;
				GCC_WARN_UNINITIALIZED_AUTOS = YES_AGGRESSIVE;
				GCC_WARN_UNUSED_FUNCTION = YES;
				GCC_WARN_UNUSED_VARIABLE = YES;
				IPHONEOS_DEPLOYMENT_TARGET = 10.3;
				MTL_ENABLE_DEBUG_INFO = YES;
				ONLY_ACTIVE_ARCH = YES;
				SDKROOT = iphoneos;
				SWIFT_ACTIVE_COMPILATION_CONDITIONS = DEBUG;
				SWIFT_OPTIMIZATION_LEVEL = "-Onone";
				TARGETED_DEVICE_FAMILY = "1,2";
			};
			name = Debug;
		};
		253AAD3D1E96F91800EC9468 /* Release */ = {
			isa = XCBuildConfiguration;
			buildSettings = {
				ALWAYS_SEARCH_USER_PATHS = NO;
				CLANG_ANALYZER_NONNULL = YES;
				CLANG_ANALYZER_NUMBER_OBJECT_CONVERSION = YES_AGGRESSIVE;
				CLANG_CXX_LANGUAGE_STANDARD = "gnu++0x";
				CLANG_CXX_LIBRARY = "libc++";
				CLANG_ENABLE_MODULES = YES;
				CLANG_ENABLE_OBJC_ARC = YES;
				CLANG_WARN_BOOL_CONVERSION = YES;
				CLANG_WARN_CONSTANT_CONVERSION = YES;
				CLANG_WARN_DIRECT_OBJC_ISA_USAGE = YES_ERROR;
				CLANG_WARN_DOCUMENTATION_COMMENTS = YES;
				CLANG_WARN_EMPTY_BODY = YES;
				CLANG_WARN_ENUM_CONVERSION = YES;
				CLANG_WARN_INFINITE_RECURSION = YES;
				CLANG_WARN_INT_CONVERSION = YES;
				CLANG_WARN_OBJC_ROOT_CLASS = YES_ERROR;
				CLANG_WARN_SUSPICIOUS_MOVE = YES;
				CLANG_WARN_UNREACHABLE_CODE = YES;
				CLANG_WARN__DUPLICATE_METHOD_MATCH = YES;
				"CODE_SIGN_IDENTITY[sdk=iphoneos*]" = "iPhone Developer";
				COPY_PHASE_STRIP = NO;
				DEBUG_INFORMATION_FORMAT = "dwarf-with-dsym";
				ENABLE_NS_ASSERTIONS = NO;
				ENABLE_STRICT_OBJC_MSGSEND = YES;
				GCC_C_LANGUAGE_STANDARD = gnu99;
				GCC_NO_COMMON_BLOCKS = YES;
				GCC_WARN_64_TO_32_BIT_CONVERSION = YES;
				GCC_WARN_ABOUT_RETURN_TYPE = YES_ERROR;
				GCC_WARN_UNDECLARED_SELECTOR = YES;
				GCC_WARN_UNINITIALIZED_AUTOS = YES_AGGRESSIVE;
				GCC_WARN_UNUSED_FUNCTION = YES;
				GCC_WARN_UNUSED_VARIABLE = YES;
				IPHONEOS_DEPLOYMENT_TARGET = 10.3;
				MTL_ENABLE_DEBUG_INFO = NO;
				SDKROOT = iphoneos;
				SWIFT_OPTIMIZATION_LEVEL = "-Owholemodule";
				TARGETED_DEVICE_FAMILY = "1,2";
				VALIDATE_PRODUCT = YES;
			};
			name = Release;
		};
		253AAD3F1E96F91800EC9468 /* Debug */ = {
			isa = XCBuildConfiguration;
			buildSettings = {
				ASSETCATALOG_COMPILER_APPICON_NAME = AppIcon;
				DEVELOPMENT_TEAM = N33N8736G4;
				INFOPLIST_FILE = Tinder/Info.plist;
				LD_RUNPATH_SEARCH_PATHS = "$(inherited) @executable_path/Frameworks";
				PRODUCT_BUNDLE_IDENTIFIER = Sine.Tinder;
				PRODUCT_NAME = "$(TARGET_NAME)";
				SWIFT_VERSION = 3.0;
			};
			name = Debug;
		};
		253AAD401E96F91800EC9468 /* Release */ = {
			isa = XCBuildConfiguration;
			buildSettings = {
				ASSETCATALOG_COMPILER_APPICON_NAME = AppIcon;
				DEVELOPMENT_TEAM = N33N8736G4;
				INFOPLIST_FILE = Tinder/Info.plist;
				LD_RUNPATH_SEARCH_PATHS = "$(inherited) @executable_path/Frameworks";
				PRODUCT_BUNDLE_IDENTIFIER = Sine.Tinder;
				PRODUCT_NAME = "$(TARGET_NAME)";
				SWIFT_VERSION = 3.0;
			};
			name = Release;
		};
		253AAD421E96F91800EC9468 /* Debug */ = {
			isa = XCBuildConfiguration;
			buildSettings = {
				ALWAYS_EMBED_SWIFT_STANDARD_LIBRARIES = YES;
				BUNDLE_LOADER = "$(TEST_HOST)";
				DEVELOPMENT_TEAM = N33N8736G4;
				INFOPLIST_FILE = TinderTests/Info.plist;
				LD_RUNPATH_SEARCH_PATHS = "$(inherited) @executable_path/Frameworks @loader_path/Frameworks";
				PRODUCT_BUNDLE_IDENTIFIER = Sine.TinderTests;
				PRODUCT_NAME = "$(TARGET_NAME)";
				SWIFT_VERSION = 3.0;
				TEST_HOST = "$(BUILT_PRODUCTS_DIR)/Tinder.app/Tinder";
			};
			name = Debug;
		};
		253AAD431E96F91800EC9468 /* Release */ = {
			isa = XCBuildConfiguration;
			buildSettings = {
				ALWAYS_EMBED_SWIFT_STANDARD_LIBRARIES = YES;
				BUNDLE_LOADER = "$(TEST_HOST)";
				DEVELOPMENT_TEAM = N33N8736G4;
				INFOPLIST_FILE = TinderTests/Info.plist;
				LD_RUNPATH_SEARCH_PATHS = "$(inherited) @executable_path/Frameworks @loader_path/Frameworks";
				PRODUCT_BUNDLE_IDENTIFIER = Sine.TinderTests;
				PRODUCT_NAME = "$(TARGET_NAME)";
				SWIFT_VERSION = 3.0;
				TEST_HOST = "$(BUILT_PRODUCTS_DIR)/Tinder.app/Tinder";
			};
			name = Release;
		};
		253AAD451E96F91800EC9468 /* Debug */ = {
			isa = XCBuildConfiguration;
			buildSettings = {
				ALWAYS_EMBED_SWIFT_STANDARD_LIBRARIES = YES;
				DEVELOPMENT_TEAM = N33N8736G4;
				INFOPLIST_FILE = TinderUITests/Info.plist;
				LD_RUNPATH_SEARCH_PATHS = "$(inherited) @executable_path/Frameworks @loader_path/Frameworks";
				PRODUCT_BUNDLE_IDENTIFIER = Sine.TinderUITests;
				PRODUCT_NAME = "$(TARGET_NAME)";
				SWIFT_VERSION = 3.0;
				TEST_TARGET_NAME = Tinder;
			};
			name = Debug;
		};
		253AAD461E96F91800EC9468 /* Release */ = {
			isa = XCBuildConfiguration;
			buildSettings = {
				ALWAYS_EMBED_SWIFT_STANDARD_LIBRARIES = YES;
				DEVELOPMENT_TEAM = N33N8736G4;
				INFOPLIST_FILE = TinderUITests/Info.plist;
				LD_RUNPATH_SEARCH_PATHS = "$(inherited) @executable_path/Frameworks @loader_path/Frameworks";
				PRODUCT_BUNDLE_IDENTIFIER = Sine.TinderUITests;
				PRODUCT_NAME = "$(TARGET_NAME)";
				SWIFT_VERSION = 3.0;
				TEST_TARGET_NAME = Tinder;
			};
			name = Release;
		};
/* End XCBuildConfiguration section */

/* Begin XCConfigurationList section */
		253AAD111E96F91700EC9468 /* Build configuration list for PBXProject "Tinder" */ = {
			isa = XCConfigurationList;
			buildConfigurations = (
				253AAD3C1E96F91800EC9468 /* Debug */,
				253AAD3D1E96F91800EC9468 /* Release */,
			);
			defaultConfigurationIsVisible = 0;
			defaultConfigurationName = Release;
		};
		253AAD3E1E96F91800EC9468 /* Build configuration list for PBXNativeTarget "Tinder" */ = {
			isa = XCConfigurationList;
			buildConfigurations = (
				253AAD3F1E96F91800EC9468 /* Debug */,
				253AAD401E96F91800EC9468 /* Release */,
			);
			defaultConfigurationIsVisible = 0;
		};
		253AAD411E96F91800EC9468 /* Build configuration list for PBXNativeTarget "TinderTests" */ = {
			isa = XCConfigurationList;
			buildConfigurations = (
				253AAD421E96F91800EC9468 /* Debug */,
				253AAD431E96F91800EC9468 /* Release */,
			);
			defaultConfigurationIsVisible = 0;
		};
		253AAD441E96F91800EC9468 /* Build configuration list for PBXNativeTarget "TinderUITests" */ = {
			isa = XCConfigurationList;
			buildConfigurations = (
				253AAD451E96F91800EC9468 /* Debug */,
				253AAD461E96F91800EC9468 /* Release */,
			);
			defaultConfigurationIsVisible = 0;
		};
/* End XCConfigurationList section */
	};
	rootObject = 253AAD0E1E96F91700EC9468 /* Project object */;
}
